// !$*UTF8*$!
{
	archiveVersion = 1;
	classes = {
	};
	objectVersion = 55;
	objects = {

/* Begin PBXBuildFile section */
		A1225FE7283EB9E300750404 /* MainTabBarController.swift in Sources */ = {isa = PBXBuildFile; fileRef = A1225FE6283EB9E300750404 /* MainTabBarController.swift */; };
		A1225FEB283EBE3C00750404 /* UIView+Extension.swift in Sources */ = {isa = PBXBuildFile; fileRef = A1225FEA283EBE3C00750404 /* UIView+Extension.swift */; };
		A179D2F22837A25000C02E7A /* PostTableViewCell.swift in Sources */ = {isa = PBXBuildFile; fileRef = A179D2F12837A25000C02E7A /* PostTableViewCell.swift */; };
		A179D2F42837C60700C02E7A /* Protocols.swift in Sources */ = {isa = PBXBuildFile; fileRef = A179D2F32837C60700C02E7A /* Protocols.swift */; };
		A179D2F62837C8BC00C02E7A /* Post.swift in Sources */ = {isa = PBXBuildFile; fileRef = A179D2F52837C8BC00C02E7A /* Post.swift */; };
		A19A21FE283C11AD00E6C42E /* PhotosCollectionViewCell.swift in Sources */ = {isa = PBXBuildFile; fileRef = A19A21FD283C11AD00E6C42E /* PhotosCollectionViewCell.swift */; };
		A19A2200283C11F700E6C42E /* PhotosTableViewCell.swift in Sources */ = {isa = PBXBuildFile; fileRef = A19A21FF283C11F700E6C42E /* PhotosTableViewCell.swift */; };
		A19A2202283C129F00E6C42E /* PhotosViewController.swift in Sources */ = {isa = PBXBuildFile; fileRef = A19A2201283C129F00E6C42E /* PhotosViewController.swift */; };
		A1B5B79B2836322900B52FC9 /* LogInViewController.swift in Sources */ = {isa = PBXBuildFile; fileRef = A1B5B79A2836322900B52FC9 /* LogInViewController.swift */; };
		A1BBEE8F283FC89A0041F8BE /* ValidationData.swift in Sources */ = {isa = PBXBuildFile; fileRef = A1BBEE8E283FC89A0041F8BE /* ValidationData.swift */; };
		A1BBEE9428400CE90041F8BE /* DetailedPostViewController.swift in Sources */ = {isa = PBXBuildFile; fileRef = A1BBEE9328400CE90041F8BE /* DetailedPostViewController.swift */; };
		A1DCC6A2282C40D2007FB6C9 /* ProfileViewController.swift in Sources */ = {isa = PBXBuildFile; fileRef = A1DCC6A1282C40D2007FB6C9 /* ProfileViewController.swift */; };
		A1DCC6A6282C4322007FB6C9 /* FeedViewController.swift in Sources */ = {isa = PBXBuildFile; fileRef = A1DCC6A5282C4322007FB6C9 /* FeedViewController.swift */; };
		A1DCC6A8282C447B007FB6C9 /* PostViewController.swift in Sources */ = {isa = PBXBuildFile; fileRef = A1DCC6A7282C447B007FB6C9 /* PostViewController.swift */; };
		A1E2FB022827F48D004051DC /* AppDelegate.swift in Sources */ = {isa = PBXBuildFile; fileRef = A1E2FB012827F48D004051DC /* AppDelegate.swift */; };
		A1E2FB0B2827F48F004051DC /* Assets.xcassets in Resources */ = {isa = PBXBuildFile; fileRef = A1E2FB0A2827F48F004051DC /* Assets.xcassets */; };
		A1E2FB0E2827F48F004051DC /* LaunchScreen.storyboard in Resources */ = {isa = PBXBuildFile; fileRef = A1E2FB0C2827F48F004051DC /* LaunchScreen.storyboard */; };
		A1E74894282E703600768B39 /* ProfileHeaderView.swift in Sources */ = {isa = PBXBuildFile; fileRef = A1E74893282E703600768B39 /* ProfileHeaderView.swift */; };
/* End PBXBuildFile section */

/* Begin PBXFileReference section */
		A1225FE6283EB9E300750404 /* MainTabBarController.swift */ = {isa = PBXFileReference; lastKnownFileType = sourcecode.swift; path = MainTabBarController.swift; sourceTree = "<group>"; };
		A1225FEA283EBE3C00750404 /* UIView+Extension.swift */ = {isa = PBXFileReference; lastKnownFileType = sourcecode.swift; path = "UIView+Extension.swift"; sourceTree = "<group>"; };
		A179D2F12837A25000C02E7A /* PostTableViewCell.swift */ = {isa = PBXFileReference; lastKnownFileType = sourcecode.swift; path = PostTableViewCell.swift; sourceTree = "<group>"; };
		A179D2F32837C60700C02E7A /* Protocols.swift */ = {isa = PBXFileReference; lastKnownFileType = sourcecode.swift; path = Protocols.swift; sourceTree = "<group>"; };
		A179D2F52837C8BC00C02E7A /* Post.swift */ = {isa = PBXFileReference; lastKnownFileType = sourcecode.swift; path = Post.swift; sourceTree = "<group>"; };
		A19A21FD283C11AD00E6C42E /* PhotosCollectionViewCell.swift */ = {isa = PBXFileReference; lastKnownFileType = sourcecode.swift; path = PhotosCollectionViewCell.swift; sourceTree = "<group>"; };
		A19A21FF283C11F700E6C42E /* PhotosTableViewCell.swift */ = {isa = PBXFileReference; lastKnownFileType = sourcecode.swift; path = PhotosTableViewCell.swift; sourceTree = "<group>"; };
		A19A2201283C129F00E6C42E /* PhotosViewController.swift */ = {isa = PBXFileReference; lastKnownFileType = sourcecode.swift; path = PhotosViewController.swift; sourceTree = "<group>"; };
		A1B5B79A2836322900B52FC9 /* LogInViewController.swift */ = {isa = PBXFileReference; lastKnownFileType = sourcecode.swift; path = LogInViewController.swift; sourceTree = "<group>"; };
		A1BBEE8E283FC89A0041F8BE /* ValidationData.swift */ = {isa = PBXFileReference; lastKnownFileType = sourcecode.swift; path = ValidationData.swift; sourceTree = "<group>"; };
		A1BBEE9328400CE90041F8BE /* DetailedPostViewController.swift */ = {isa = PBXFileReference; lastKnownFileType = sourcecode.swift; path = DetailedPostViewController.swift; sourceTree = "<group>"; };
		A1DCC6A1282C40D2007FB6C9 /* ProfileViewController.swift */ = {isa = PBXFileReference; lastKnownFileType = sourcecode.swift; path = ProfileViewController.swift; sourceTree = "<group>"; };
		A1DCC6A5282C4322007FB6C9 /* FeedViewController.swift */ = {isa = PBXFileReference; lastKnownFileType = sourcecode.swift; path = FeedViewController.swift; sourceTree = "<group>"; };
		A1DCC6A7282C447B007FB6C9 /* PostViewController.swift */ = {isa = PBXFileReference; lastKnownFileType = sourcecode.swift; path = PostViewController.swift; sourceTree = "<group>"; };
		A1E2FAFE2827F48D004051DC /* Navigation.app */ = {isa = PBXFileReference; explicitFileType = wrapper.application; includeInIndex = 0; path = Navigation.app; sourceTree = BUILT_PRODUCTS_DIR; };
		A1E2FB012827F48D004051DC /* AppDelegate.swift */ = {isa = PBXFileReference; lastKnownFileType = sourcecode.swift; path = AppDelegate.swift; sourceTree = "<group>"; };
		A1E2FB0A2827F48F004051DC /* Assets.xcassets */ = {isa = PBXFileReference; lastKnownFileType = folder.assetcatalog; path = Assets.xcassets; sourceTree = "<group>"; };
		A1E2FB0D2827F48F004051DC /* Base */ = {isa = PBXFileReference; lastKnownFileType = file.storyboard; name = Base; path = Base.lproj/LaunchScreen.storyboard; sourceTree = "<group>"; };
		A1E2FB0F2827F48F004051DC /* Info.plist */ = {isa = PBXFileReference; lastKnownFileType = text.plist.xml; path = Info.plist; sourceTree = "<group>"; };
		A1E74893282E703600768B39 /* ProfileHeaderView.swift */ = {isa = PBXFileReference; lastKnownFileType = sourcecode.swift; path = ProfileHeaderView.swift; sourceTree = "<group>"; };
/* End PBXFileReference section */

/* Begin PBXFrameworksBuildPhase section */
		A1E2FAFB2827F48D004051DC /* Frameworks */ = {
			isa = PBXFrameworksBuildPhase;
			buildActionMask = 2147483647;
			files = (
			);
			runOnlyForDeploymentPostprocessing = 0;
		};
/* End PBXFrameworksBuildPhase section */

/* Begin PBXGroup section */
		A1BBEE90284008D90041F8BE /* Photos */ = {
			isa = PBXGroup;
			children = (
				A19A21FF283C11F700E6C42E /* PhotosTableViewCell.swift */,
				A19A21FD283C11AD00E6C42E /* PhotosCollectionViewCell.swift */,
				A19A2201283C129F00E6C42E /* PhotosViewController.swift */,
			);
			path = Photos;
			sourceTree = "<group>";
		};
		A1BBEE91284009360041F8BE /* Modules */ = {
			isa = PBXGroup;
			children = (
				A1225FE6283EB9E300750404 /* MainTabBarController.swift */,
				A1DCC6A5282C4322007FB6C9 /* FeedViewController.swift */,
				A1B5B79A2836322900B52FC9 /* LogInViewController.swift */,
			);
			path = Modules;
			sourceTree = "<group>";
		};
		A1BBEE92284009890041F8BE /* Post */ = {
			isa = PBXGroup;
			children = (
				A179D2F52837C8BC00C02E7A /* Post.swift */,
				A179D2F12837A25000C02E7A /* PostTableViewCell.swift */,
				A1DCC6A7282C447B007FB6C9 /* PostViewController.swift */,
				A1BBEE9328400CE90041F8BE /* DetailedPostViewController.swift */,
			);
			path = Post;
			sourceTree = "<group>";
		};
		A1E2FAF52827F48D004051DC = {
			isa = PBXGroup;
			children = (
				A1E2FB002827F48D004051DC /* Navigation */,
				A1E2FAFF2827F48D004051DC /* Products */,
			);
			sourceTree = "<group>";
		};
		A1E2FAFF2827F48D004051DC /* Products */ = {
			isa = PBXGroup;
			children = (
				A1E2FAFE2827F48D004051DC /* Navigation.app */,
			);
			name = Products;
			sourceTree = "<group>";
		};
		A1E2FB002827F48D004051DC /* Navigation */ = {
			isa = PBXGroup;
			children = (
				A1BBEE90284008D90041F8BE /* Photos */,
				A1BBEE92284009890041F8BE /* Post */,
				A1E74892282E6F7E00768B39 /* Profile */,
				A1BBEE91284009360041F8BE /* Modules */,
				A1E2FB012827F48D004051DC /* AppDelegate.swift */,
				A179D2F32837C60700C02E7A /* Protocols.swift */,
				A1BBEE8E283FC89A0041F8BE /* ValidationData.swift */,
				A1225FEA283EBE3C00750404 /* UIView+Extension.swift */,
				A1E2FB0A2827F48F004051DC /* Assets.xcassets */,
				A1E2FB0C2827F48F004051DC /* LaunchScreen.storyboard */,
				A1E2FB0F2827F48F004051DC /* Info.plist */,
			);
			path = Navigation;
			sourceTree = "<group>";
		};
		A1E74892282E6F7E00768B39 /* Profile */ = {
			isa = PBXGroup;
			children = (
				A1E74893282E703600768B39 /* ProfileHeaderView.swift */,
				A1DCC6A1282C40D2007FB6C9 /* ProfileViewController.swift */,
			);
			path = Profile;
			sourceTree = "<group>";
		};
/* End PBXGroup section */

/* Begin PBXNativeTarget section */
		A1E2FAFD2827F48D004051DC /* Navigation */ = {
			isa = PBXNativeTarget;
			buildConfigurationList = A1E2FB122827F48F004051DC /* Build configuration list for PBXNativeTarget "Navigation" */;
			buildPhases = (
				A1E2FAFA2827F48D004051DC /* Sources */,
				A1E2FAFB2827F48D004051DC /* Frameworks */,
				A1E2FAFC2827F48D004051DC /* Resources */,
			);
			buildRules = (
			);
			dependencies = (
			);
			name = Navigation;
			productName = Navigation;
			productReference = A1E2FAFE2827F48D004051DC /* Navigation.app */;
			productType = "com.apple.product-type.application";
		};
/* End PBXNativeTarget section */

/* Begin PBXProject section */
		A1E2FAF62827F48D004051DC /* Project object */ = {
			isa = PBXProject;
			attributes = {
				BuildIndependentTargetsInParallel = 1;
				LastSwiftUpdateCheck = 1330;
				LastUpgradeCheck = 1330;
				TargetAttributes = {
					A1E2FAFD2827F48D004051DC = {
						CreatedOnToolsVersion = 13.3.1;
					};
				};
			};
			buildConfigurationList = A1E2FAF92827F48D004051DC /* Build configuration list for PBXProject "Navigation" */;
			compatibilityVersion = "Xcode 13.0";
			developmentRegion = en;
			hasScannedForEncodings = 0;
			knownRegions = (
				en,
				Base,
			);
			mainGroup = A1E2FAF52827F48D004051DC;
			productRefGroup = A1E2FAFF2827F48D004051DC /* Products */;
			projectDirPath = "";
			projectRoot = "";
			targets = (
				A1E2FAFD2827F48D004051DC /* Navigation */,
			);
		};
/* End PBXProject section */

/* Begin PBXResourcesBuildPhase section */
		A1E2FAFC2827F48D004051DC /* Resources */ = {
			isa = PBXResourcesBuildPhase;
			buildActionMask = 2147483647;
			files = (
				A1E2FB0E2827F48F004051DC /* LaunchScreen.storyboard in Resources */,
				A1E2FB0B2827F48F004051DC /* Assets.xcassets in Resources */,
			);
			runOnlyForDeploymentPostprocessing = 0;
		};
/* End PBXResourcesBuildPhase section */

/* Begin PBXSourcesBuildPhase section */
		A1E2FAFA2827F48D004051DC /* Sources */ = {
			isa = PBXSourcesBuildPhase;
			buildActionMask = 2147483647;
			files = (
				A1DCC6A2282C40D2007FB6C9 /* ProfileViewController.swift in Sources */,
				A179D2F62837C8BC00C02E7A /* Post.swift in Sources */,
				A19A21FE283C11AD00E6C42E /* PhotosCollectionViewCell.swift in Sources */,
				A1DCC6A6282C4322007FB6C9 /* FeedViewController.swift in Sources */,
				A1E2FB022827F48D004051DC /* AppDelegate.swift in Sources */,
				A1BBEE8F283FC89A0041F8BE /* ValidationData.swift in Sources */,
				A1B5B79B2836322900B52FC9 /* LogInViewController.swift in Sources */,
				A19A2200283C11F700E6C42E /* PhotosTableViewCell.swift in Sources */,
				A1BBEE9428400CE90041F8BE /* DetailedPostViewController.swift in Sources */,
				A19A2202283C129F00E6C42E /* PhotosViewController.swift in Sources */,
				A1225FE7283EB9E300750404 /* MainTabBarController.swift in Sources */,
				A179D2F42837C60700C02E7A /* Protocols.swift in Sources */,
				A1225FEB283EBE3C00750404 /* UIView+Extension.swift in Sources */,
				A1E74894282E703600768B39 /* ProfileHeaderView.swift in Sources */,
				A1DCC6A8282C447B007FB6C9 /* PostViewController.swift in Sources */,
				A179D2F22837A25000C02E7A /* PostTableViewCell.swift in Sources */,
			);
			runOnlyForDeploymentPostprocessing = 0;
		};
/* End PBXSourcesBuildPhase section */

/* Begin PBXVariantGroup section */
		A1E2FB0C2827F48F004051DC /* LaunchScreen.storyboard */ = {
			isa = PBXVariantGroup;
			children = (
				A1E2FB0D2827F48F004051DC /* Base */,
			);
			name = LaunchScreen.storyboard;
			sourceTree = "<group>";
		};
/* End PBXVariantGroup section */

/* Begin XCBuildConfiguration section */
		A1E2FB102827F48F004051DC /* Debug */ = {
			isa = XCBuildConfiguration;
			buildSettings = {
				ALWAYS_SEARCH_USER_PATHS = NO;
				CLANG_ANALYZER_NONNULL = YES;
				CLANG_ANALYZER_NUMBER_OBJECT_CONVERSION = YES_AGGRESSIVE;
				CLANG_CXX_LANGUAGE_STANDARD = "gnu++17";
				CLANG_ENABLE_MODULES = YES;
				CLANG_ENABLE_OBJC_ARC = YES;
				CLANG_ENABLE_OBJC_WEAK = YES;
				CLANG_WARN_BLOCK_CAPTURE_AUTORELEASING = YES;
				CLANG_WARN_BOOL_CONVERSION = YES;
				CLANG_WARN_COMMA = YES;
				CLANG_WARN_CONSTANT_CONVERSION = YES;
				CLANG_WARN_DEPRECATED_OBJC_IMPLEMENTATIONS = YES;
				CLANG_WARN_DIRECT_OBJC_ISA_USAGE = YES_ERROR;
				CLANG_WARN_DOCUMENTATION_COMMENTS = YES;
				CLANG_WARN_EMPTY_BODY = YES;
				CLANG_WARN_ENUM_CONVERSION = YES;
				CLANG_WARN_INFINITE_RECURSION = YES;
				CLANG_WARN_INT_CONVERSION = YES;
				CLANG_WARN_NON_LITERAL_NULL_CONVERSION = YES;
				CLANG_WARN_OBJC_IMPLICIT_RETAIN_SELF = YES;
				CLANG_WARN_OBJC_LITERAL_CONVERSION = YES;
				CLANG_WARN_OBJC_ROOT_CLASS = YES_ERROR;
				CLANG_WARN_QUOTED_INCLUDE_IN_FRAMEWORK_HEADER = YES;
				CLANG_WARN_RANGE_LOOP_ANALYSIS = YES;
				CLANG_WARN_STRICT_PROTOTYPES = YES;
				CLANG_WARN_SUSPICIOUS_MOVE = YES;
				CLANG_WARN_UNGUARDED_AVAILABILITY = YES_AGGRESSIVE;
				CLANG_WARN_UNREACHABLE_CODE = YES;
				CLANG_WARN__DUPLICATE_METHOD_MATCH = YES;
				COPY_PHASE_STRIP = NO;
				DEBUG_INFORMATION_FORMAT = dwarf;
				ENABLE_STRICT_OBJC_MSGSEND = YES;
				ENABLE_TESTABILITY = YES;
				GCC_C_LANGUAGE_STANDARD = gnu11;
				GCC_DYNAMIC_NO_PIC = NO;
				GCC_NO_COMMON_BLOCKS = YES;
				GCC_OPTIMIZATION_LEVEL = 0;
				GCC_PREPROCESSOR_DEFINITIONS = (
					"DEBUG=1",
					"$(inherited)",
				);
				GCC_WARN_64_TO_32_BIT_CONVERSION = YES;
				GCC_WARN_ABOUT_RETURN_TYPE = YES_ERROR;
				GCC_WARN_UNDECLARED_SELECTOR = YES;
				GCC_WARN_UNINITIALIZED_AUTOS = YES_AGGRESSIVE;
				GCC_WARN_UNUSED_FUNCTION = YES;
				GCC_WARN_UNUSED_VARIABLE = YES;
				IPHONEOS_DEPLOYMENT_TARGET = 15.4;
				MTL_ENABLE_DEBUG_INFO = INCLUDE_SOURCE;
				MTL_FAST_MATH = YES;
				ONLY_ACTIVE_ARCH = YES;
				SDKROOT = iphoneos;
				SWIFT_ACTIVE_COMPILATION_CONDITIONS = DEBUG;
				SWIFT_OPTIMIZATION_LEVEL = "-Onone";
			};
			name = Debug;
		};
		A1E2FB112827F48F004051DC /* Release */ = {
			isa = XCBuildConfiguration;
			buildSettings = {
				ALWAYS_SEARCH_USER_PATHS = NO;
				CLANG_ANALYZER_NONNULL = YES;
				CLANG_ANALYZER_NUMBER_OBJECT_CONVERSION = YES_AGGRESSIVE;
				CLANG_CXX_LANGUAGE_STANDARD = "gnu++17";
				CLANG_ENABLE_MODULES = YES;
				CLANG_ENABLE_OBJC_ARC = YES;
				CLANG_ENABLE_OBJC_WEAK = YES;
				CLANG_WARN_BLOCK_CAPTURE_AUTORELEASING = YES;
				CLANG_WARN_BOOL_CONVERSION = YES;
				CLANG_WARN_COMMA = YES;
				CLANG_WARN_CONSTANT_CONVERSION = YES;
				CLANG_WARN_DEPRECATED_OBJC_IMPLEMENTATIONS = YES;
				CLANG_WARN_DIRECT_OBJC_ISA_USAGE = YES_ERROR;
				CLANG_WARN_DOCUMENTATION_COMMENTS = YES;
				CLANG_WARN_EMPTY_BODY = YES;
				CLANG_WARN_ENUM_CONVERSION = YES;
				CLANG_WARN_INFINITE_RECURSION = YES;
				CLANG_WARN_INT_CONVERSION = YES;
				CLANG_WARN_NON_LITERAL_NULL_CONVERSION = YES;
				CLANG_WARN_OBJC_IMPLICIT_RETAIN_SELF = YES;
				CLANG_WARN_OBJC_LITERAL_CONVERSION = YES;
				CLANG_WARN_OBJC_ROOT_CLASS = YES_ERROR;
				CLANG_WARN_QUOTED_INCLUDE_IN_FRAMEWORK_HEADER = YES;
				CLANG_WARN_RANGE_LOOP_ANALYSIS = YES;
				CLANG_WARN_STRICT_PROTOTYPES = YES;
				CLANG_WARN_SUSPICIOUS_MOVE = YES;
				CLANG_WARN_UNGUARDED_AVAILABILITY = YES_AGGRESSIVE;
				CLANG_WARN_UNREACHABLE_CODE = YES;
				CLANG_WARN__DUPLICATE_METHOD_MATCH = YES;
				COPY_PHASE_STRIP = NO;
				DEBUG_INFORMATION_FORMAT = "dwarf-with-dsym";
				ENABLE_NS_ASSERTIONS = NO;
				ENABLE_STRICT_OBJC_MSGSEND = YES;
				GCC_C_LANGUAGE_STANDARD = gnu11;
				GCC_NO_COMMON_BLOCKS = YES;
				GCC_WARN_64_TO_32_BIT_CONVERSION = YES;
				GCC_WARN_ABOUT_RETURN_TYPE = YES_ERROR;
				GCC_WARN_UNDECLARED_SELECTOR = YES;
				GCC_WARN_UNINITIALIZED_AUTOS = YES_AGGRESSIVE;
				GCC_WARN_UNUSED_FUNCTION = YES;
				GCC_WARN_UNUSED_VARIABLE = YES;
				IPHONEOS_DEPLOYMENT_TARGET = 15.4;
				MTL_ENABLE_DEBUG_INFO = NO;
				MTL_FAST_MATH = YES;
				SDKROOT = iphoneos;
				SWIFT_COMPILATION_MODE = wholemodule;
				SWIFT_OPTIMIZATION_LEVEL = "-O";
				VALIDATE_PRODUCT = YES;
			};
			name = Release;
		};
		A1E2FB132827F48F004051DC /* Debug */ = {
			isa = XCBuildConfiguration;
			buildSettings = {
				ASSETCATALOG_COMPILER_APPICON_NAME = AppIcon;
				ASSETCATALOG_COMPILER_GLOBAL_ACCENT_COLOR_NAME = AccentColor;
				CODE_SIGN_STYLE = Automatic;
				CURRENT_PROJECT_VERSION = 1;
				DEVELOPMENT_TEAM = 4LMQ5UXFMM;
				GENERATE_INFOPLIST_FILE = YES;
				INFOPLIST_FILE = Navigation/Info.plist;
				INFOPLIST_KEY_UIApplicationSupportsIndirectInputEvents = YES;
				INFOPLIST_KEY_UILaunchStoryboardName = LaunchScreen;
				INFOPLIST_KEY_UISupportedInterfaceOrientations_iPad = "UIInterfaceOrientationPortrait UIInterfaceOrientationPortraitUpsideDown UIInterfaceOrientationLandscapeLeft UIInterfaceOrientationLandscapeRight";
				INFOPLIST_KEY_UISupportedInterfaceOrientations_iPhone = "UIInterfaceOrientationPortrait UIInterfaceOrientationLandscapeLeft UIInterfaceOrientationLandscapeRight";
				LD_RUNPATH_SEARCH_PATHS = (
					"$(inherited)",
					"@executable_path/Frameworks",
				);
				MARKETING_VERSION = 1.0;
				PRODUCT_BUNDLE_IDENTIFIER = com.azinin.new.Navigation;
				PRODUCT_NAME = "$(TARGET_NAME)";
				SWIFT_EMIT_LOC_STRINGS = YES;
				SWIFT_VERSION = 5.0;
				TARGETED_DEVICE_FAMILY = "1,2";
			};
			name = Debug;
		};
		A1E2FB142827F48F004051DC /* Release */ = {
			isa = XCBuildConfiguration;
			buildSettings = {
				ASSETCATALOG_COMPILER_APPICON_NAME = AppIcon;
				ASSETCATALOG_COMPILER_GLOBAL_ACCENT_COLOR_NAME = AccentColor;
				CODE_SIGN_STYLE = Automatic;
				CURRENT_PROJECT_VERSION = 1;
				DEVELOPMENT_TEAM = 4LMQ5UXFMM;
				GENERATE_INFOPLIST_FILE = YES;
				INFOPLIST_FILE = Navigation/Info.plist;
				INFOPLIST_KEY_UIApplicationSupportsIndirectInputEvents = YES;
				INFOPLIST_KEY_UILaunchStoryboardName = LaunchScreen;
				INFOPLIST_KEY_UISupportedInterfaceOrientations_iPad = "UIInterfaceOrientationPortrait UIInterfaceOrientationPortraitUpsideDown UIInterfaceOrientationLandscapeLeft UIInterfaceOrientationLandscapeRight";
				INFOPLIST_KEY_UISupportedInterfaceOrientations_iPhone = "UIInterfaceOrientationPortrait UIInterfaceOrientationLandscapeLeft UIInterfaceOrientationLandscapeRight";
				LD_RUNPATH_SEARCH_PATHS = (
					"$(inherited)",
					"@executable_path/Frameworks",
				);
				MARKETING_VERSION = 1.0;
				PRODUCT_BUNDLE_IDENTIFIER = com.azinin.new.Navigation;
				PRODUCT_NAME = "$(TARGET_NAME)";
				SWIFT_EMIT_LOC_STRINGS = YES;
				SWIFT_VERSION = 5.0;
				TARGETED_DEVICE_FAMILY = "1,2";
			};
			name = Release;
		};
/* End XCBuildConfiguration section */

/* Begin XCConfigurationList section */
		A1E2FAF92827F48D004051DC /* Build configuration list for PBXProject "Navigation" */ = {
			isa = XCConfigurationList;
			buildConfigurations = (
				A1E2FB102827F48F004051DC /* Debug */,
				A1E2FB112827F48F004051DC /* Release */,
			);
			defaultConfigurationIsVisible = 0;
			defaultConfigurationName = Release;
		};
		A1E2FB122827F48F004051DC /* Build configuration list for PBXNativeTarget "Navigation" */ = {
			isa = XCConfigurationList;
			buildConfigurations = (
				A1E2FB132827F48F004051DC /* Debug */,
				A1E2FB142827F48F004051DC /* Release */,
			);
			defaultConfigurationIsVisible = 0;
			defaultConfigurationName = Release;
		};
/* End XCConfigurationList section */
	};
	rootObject = A1E2FAF62827F48D004051DC /* Project object */;
}
